
Microsoft Visual Studio Solution File, Format Version 12.00
# Visual Studio Version 17
VisualStudioVersion = 17.3.32901.215
MinimumVisualStudioVersion = 10.0.40219.1
Project("{FAE04EC0-301F-11D3-BF4B-00C04F79EFBC}") = "MainAndroid.API", "MainAndroid.API\MainAndroid.API.csproj", "{F994EA7E-155C-4FF0-B3B2-4166674EAC69}"
EndProject
Project("{FAE04EC0-301F-11D3-BF4B-00C04F79EFBC}") = "MainAndroid.SQL", "MainAndroid.SQL\MainAndroid.SQL.csproj", "{1E4B8E4E-8973-4766-BE06-B7B5AF34B896}"
EndProject
Project("{FAE04EC0-301F-11D3-BF4B-00C04F79EFBC}") = "MainAndroid.Domain", "MainAndroid.Domain\MainAndroid.Domain.csproj", "{8DD85186-DC12-4A09-BD77-AC500B953EFE}"
EndProject
Project("{FAE04EC0-301F-11D3-BF4B-00C04F79EFBC}") = "MainAndroid.Application", "MainAndroid.Application\MainAndroid.Application.csproj", "{656B9DA1-316D-48E9-BDF2-73267BA3FFC3}"
EndProject
Global
	GlobalSection(SolutionConfigurationPlatforms) = preSolution
		Debug|Any CPU = Debug|Any CPU
		Release|Any CPU = Release|Any CPU
	EndGlobalSection
	GlobalSection(ProjectConfigurationPlatforms) = postSolution
		{F994EA7E-155C-4FF0-B3B2-4166674EAC69}.Debug|Any CPU.ActiveCfg = Debug|Any CPU
		{F994EA7E-155C-4FF0-B3B2-4166674EAC69}.Debug|Any CPU.Build.0 = Debug|Any CPU
		{F994EA7E-155C-4FF0-B3B2-4166674EAC69}.Release|Any CPU.ActiveCfg = Release|Any CPU
		{F994EA7E-155C-4FF0-B3B2-4166674EAC69}.Release|Any CPU.Build.0 = Release|Any CPU
		{1E4B8E4E-8973-4766-BE06-B7B5AF34B896}.Debug|Any CPU.ActiveCfg = Debug|Any CPU
		{1E4B8E4E-8973-4766-BE06-B7B5AF34B896}.Debug|Any CPU.Build.0 = Debug|Any CPU
		{1E4B8E4E-8973-4766-BE06-B7B5AF34B896}.Release|Any CPU.ActiveCfg = Release|Any CPU
		{1E4B8E4E-8973-4766-BE06-B7B5AF34B896}.Release|Any CPU.Build.0 = Release|Any CPU
		{8DD85186-DC12-4A09-BD77-AC500B953EFE}.Debug|Any CPU.ActiveCfg = Debug|Any CPU
		{8DD85186-DC12-4A09-BD77-AC500B953EFE}.Debug|Any CPU.Build.0 = Debug|Any CPU
		{8DD85186-DC12-4A09-BD77-AC500B953EFE}.Release|Any CPU.ActiveCfg = Release|Any CPU
		{8DD85186-DC12-4A09-BD77-AC500B953EFE}.Release|Any CPU.Build.0 = Release|Any CPU
		{656B9DA1-316D-48E9-BDF2-73267BA3FFC3}.Debug|Any CPU.ActiveCfg = Debug|Any CPU
		{656B9DA1-316D-48E9-BDF2-73267BA3FFC3}.Debug|Any CPU.Build.0 = Debug|Any CPU
		{656B9DA1-316D-48E9-BDF2-73267BA3FFC3}.Release|Any CPU.ActiveCfg = Release|Any CPU
		{656B9DA1-316D-48E9-BDF2-73267BA3FFC3}.Release|Any CPU.Build.0 = Release|Any CPU
	EndGlobalSection
	GlobalSection(SolutionProperties) = preSolution
		HideSolutionNode = FALSE
	EndGlobalSection
	GlobalSection(ExtensibilityGlobals) = postSolution
		SolutionGuid = {24C50685-131B-40BC-8947-E5F9DFC76190}
	EndGlobalSection
EndGlobal
